
Microsoft Visual Studio Solution File, Format Version 12.00
# Visual Studio Version 17
VisualStudioVersion = 17.9.34701.34
MinimumVisualStudioVersion = 10.0.40219.1
Project("{888888A0-9F3D-457C-B088-3A5042F75D52}") = "P_TinhTienVonValai", "P_TinhTienVonValai.pyproj", "{AF5F1894-D17D-45DE-8BCA-C28EFFB50A34}"
EndProject
Global
	GlobalSection(SolutionConfigurationPlatforms) = preSolution
		Debug|Any CPU = Debug|Any CPU
		Release|Any CPU = Release|Any CPU
	EndGlobalSection
	GlobalSection(ProjectConfigurationPlatforms) = postSolution
		{AF5F1894-D17D-45DE-8BCA-C28EFFB50A34}.Debug|Any CPU.ActiveCfg = Debug|Any CPU
		{AF5F1894-D17D-45DE-8BCA-C28EFFB50A34}.Release|Any CPU.ActiveCfg = Release|Any CPU
	EndGlobalSection
	GlobalSection(SolutionProperties) = preSolution
		HideSolutionNode = FALSE
	EndGlobalSection
	GlobalSection(ExtensibilityGlobals) = postSolution
		SolutionGuid = {0388F5C9-C338-4EB2-94AD-6549807FE3B2}
	EndGlobalSection
EndGlobal
